// !$*UTF8*$!
{
	archiveVersion = 1;
	classes = {
	};
	objectVersion = 46;
	objects = {

/* Begin PBXBuildFile section */
		1B657C5F19FD6B7D00FEF372 /* Foundation.framework in Frameworks */ = {isa = PBXBuildFile; fileRef = 1B657C5E19FD6B7D00FEF372 /* Foundation.framework */; };
		1B657C6119FD6B7D00FEF372 /* CoreGraphics.framework in Frameworks */ = {isa = PBXBuildFile; fileRef = 1B657C6019FD6B7D00FEF372 /* CoreGraphics.framework */; };
		1B657C6319FD6B7D00FEF372 /* UIKit.framework in Frameworks */ = {isa = PBXBuildFile; fileRef = 1B657C6219FD6B7D00FEF372 /* UIKit.framework */; };
		1B657C6919FD6B7D00FEF372 /* InfoPlist.strings in Resources */ = {isa = PBXBuildFile; fileRef = 1B657C6719FD6B7D00FEF372 /* InfoPlist.strings */; };
		1B657C6B19FD6B7D00FEF372 /* main.m in Sources */ = {isa = PBXBuildFile; fileRef = 1B657C6A19FD6B7D00FEF372 /* main.m */; };
		1B657C6F19FD6B7D00FEF372 /* JDAppDelegate.m in Sources */ = {isa = PBXBuildFile; fileRef = 1B657C6E19FD6B7D00FEF372 /* JDAppDelegate.m */; };
		1B657C7219FD6B7D00FEF372 /* Main.storyboard in Resources */ = {isa = PBXBuildFile; fileRef = 1B657C7019FD6B7D00FEF372 /* Main.storyboard */; };
		1B657C7519FD6B7D00FEF372 /* JDViewController.m in Sources */ = {isa = PBXBuildFile; fileRef = 1B657C7419FD6B7D00FEF372 /* JDViewController.m */; };
		1B657C7719FD6B7D00FEF372 /* Images.xcassets in Resources */ = {isa = PBXBuildFile; fileRef = 1B657C7619FD6B7D00FEF372 /* Images.xcassets */; };
		1B657C7E19FD6B7D00FEF372 /* XCTest.framework in Frameworks */ = {isa = PBXBuildFile; fileRef = 1B657C7D19FD6B7D00FEF372 /* XCTest.framework */; };
		1B657C7F19FD6B7D00FEF372 /* Foundation.framework in Frameworks */ = {isa = PBXBuildFile; fileRef = 1B657C5E19FD6B7D00FEF372 /* Foundation.framework */; };
		1B657C8019FD6B7D00FEF372 /* UIKit.framework in Frameworks */ = {isa = PBXBuildFile; fileRef = 1B657C6219FD6B7D00FEF372 /* UIKit.framework */; };
		1B657C8819FD6B7D00FEF372 /* InfoPlist.strings in Resources */ = {isa = PBXBuildFile; fileRef = 1B657C8619FD6B7D00FEF372 /* InfoPlist.strings */; };
		1B657C8A19FD6B7D00FEF372 /* Git_TestTests.m in Sources */ = {isa = PBXBuildFile; fileRef = 1B657C8919FD6B7D00FEF372 /* Git_TestTests.m */; };
/* End PBXBuildFile section */

/* Begin PBXContainerItemProxy section */
		1B657C8119FD6B7D00FEF372 /* PBXContainerItemProxy */ = {
			isa = PBXContainerItemProxy;
			containerPortal = 1B657C5319FD6B7D00FEF372 /* Project object */;
			proxyType = 1;
			remoteGlobalIDString = 1B657C5A19FD6B7D00FEF372;
			remoteInfo = "Git Test";
		};
/* End PBXContainerItemProxy section */

/* Begin PBXFileReference section */
		1B657C5B19FD6B7D00FEF372 /* Git Test.app */ = {isa = PBXFileReference; explicitFileType = wrapper.application; includeInIndex = 0; path = "Git Test.app"; sourceTree = BUILT_PRODUCTS_DIR; };
		1B657C5E19FD6B7D00FEF372 /* Foundation.framework */ = {isa = PBXFileReference; lastKnownFileType = wrapper.framework; name = Foundation.framework; path = System/Library/Frameworks/Foundation.framework; sourceTree = SDKROOT; };
		1B657C6019FD6B7D00FEF372 /* CoreGraphics.framework */ = {isa = PBXFileReference; lastKnownFileType = wrapper.framework; name = CoreGraphics.framework; path = System/Library/Frameworks/CoreGraphics.framework; sourceTree = SDKROOT; };
		1B657C6219FD6B7D00FEF372 /* UIKit.framework */ = {isa = PBXFileReference; lastKnownFileType = wrapper.framework; name = UIKit.framework; path = System/Library/Frameworks/UIKit.framework; sourceTree = SDKROOT; };
		1B657C6619FD6B7D00FEF372 /* Git Test-Info.plist */ = {isa = PBXFileReference; lastKnownFileType = text.plist.xml; path = "Git Test-Info.plist"; sourceTree = "<group>"; };
		1B657C6819FD6B7D00FEF372 /* en */ = {isa = PBXFileReference; lastKnownFileType = text.plist.strings; name = en; path = en.lproj/InfoPlist.strings; sourceTree = "<group>"; };
		1B657C6A19FD6B7D00FEF372 /* main.m */ = {isa = PBXFileReference; lastKnownFileType = sourcecode.c.objc; path = main.m; sourceTree = "<group>"; };
		1B657C6C19FD6B7D00FEF372 /* Git Test-Prefix.pch */ = {isa = PBXFileReference; lastKnownFileType = sourcecode.c.h; path = "Git Test-Prefix.pch"; sourceTree = "<group>"; };
		1B657C6D19FD6B7D00FEF372 /* JDAppDelegate.h */ = {isa = PBXFileReference; lastKnownFileType = sourcecode.c.h; path = JDAppDelegate.h; sourceTree = "<group>"; };
		1B657C6E19FD6B7D00FEF372 /* JDAppDelegate.m */ = {isa = PBXFileReference; lastKnownFileType = sourcecode.c.objc; path = JDAppDelegate.m; sourceTree = "<group>"; };
		1B657C7119FD6B7D00FEF372 /* Base */ = {isa = PBXFileReference; lastKnownFileType = file.storyboard; name = Base; path = Base.lproj/Main.storyboard; sourceTree = "<group>"; };
		1B657C7319FD6B7D00FEF372 /* JDViewController.h */ = {isa = PBXFileReference; lastKnownFileType = sourcecode.c.h; path = JDViewController.h; sourceTree = "<group>"; };
		1B657C7419FD6B7D00FEF372 /* JDViewController.m */ = {isa = PBXFileReference; lastKnownFileType = sourcecode.c.objc; path = JDViewController.m; sourceTree = "<group>"; };
		1B657C7619FD6B7D00FEF372 /* Images.xcassets */ = {isa = PBXFileReference; lastKnownFileType = folder.assetcatalog; path = Images.xcassets; sourceTree = "<group>"; };
		1B657C7C19FD6B7D00FEF372 /* Git TestTests.xctest */ = {isa = PBXFileReference; explicitFileType = wrapper.cfbundle; includeInIndex = 0; path = "Git TestTests.xctest"; sourceTree = BUILT_PRODUCTS_DIR; };
		1B657C7D19FD6B7D00FEF372 /* XCTest.framework */ = {isa = PBXFileReference; lastKnownFileType = wrapper.framework; name = XCTest.framework; path = Library/Frameworks/XCTest.framework; sourceTree = DEVELOPER_DIR; };
		1B657C8519FD6B7D00FEF372 /* Git TestTests-Info.plist */ = {isa = PBXFileReference; lastKnownFileType = text.plist.xml; path = "Git TestTests-Info.plist"; sourceTree = "<group>"; };
		1B657C8719FD6B7D00FEF372 /* en */ = {isa = PBXFileReference; lastKnownFileType = text.plist.strings; name = en; path = en.lproj/InfoPlist.strings; sourceTree = "<group>"; };
		1B657C8919FD6B7D00FEF372 /* Git_TestTests.m */ = {isa = PBXFileReference; lastKnownFileType = sourcecode.c.objc; path = Git_TestTests.m; sourceTree = "<group>"; };
/* End PBXFileReference section */

/* Begin PBXFrameworksBuildPhase section */
		1B657C5819FD6B7D00FEF372 /* Frameworks */ = {
			isa = PBXFrameworksBuildPhase;
			buildActionMask = 2147483647;
			files = (
				1B657C6119FD6B7D00FEF372 /* CoreGraphics.framework in Frameworks */,
				1B657C6319FD6B7D00FEF372 /* UIKit.framework in Frameworks */,
				1B657C5F19FD6B7D00FEF372 /* Foundation.framework in Frameworks */,
			);
			runOnlyForDeploymentPostprocessing = 0;
		};
		1B657C7919FD6B7D00FEF372 /* Frameworks */ = {
			isa = PBXFrameworksBuildPhase;
			buildActionMask = 2147483647;
			files = (
				1B657C7E19FD6B7D00FEF372 /* XCTest.framework in Frameworks */,
				1B657C8019FD6B7D00FEF372 /* UIKit.framework in Frameworks */,
				1B657C7F19FD6B7D00FEF372 /* Foundation.framework in Frameworks */,
			);
			runOnlyForDeploymentPostprocessing = 0;
		};
/* End PBXFrameworksBuildPhase section */

/* Begin PBXGroup section */
		1B657C5219FD6B7D00FEF372 = {
			isa = PBXGroup;
			children = (
				1B657C6419FD6B7D00FEF372 /* Git Test */,
				1B657C8319FD6B7D00FEF372 /* Git TestTests */,
				1B657C5D19FD6B7D00FEF372 /* Frameworks */,
				1B657C5C19FD6B7D00FEF372 /* Products */,
			);
			sourceTree = "<group>";
		};
		1B657C5C19FD6B7D00FEF372 /* Products */ = {
			isa = PBXGroup;
			children = (
				1B657C5B19FD6B7D00FEF372 /* Git Test.app */,
				1B657C7C19FD6B7D00FEF372 /* Git TestTests.xctest */,
			);
			name = Products;
			sourceTree = "<group>";
		};
		1B657C5D19FD6B7D00FEF372 /* Frameworks */ = {
			isa = PBXGroup;
			children = (
				1B657C5E19FD6B7D00FEF372 /* Foundation.framework */,
				1B657C6019FD6B7D00FEF372 /* CoreGraphics.framework */,
				1B657C6219FD6B7D00FEF372 /* UIKit.framework */,
				1B657C7D19FD6B7D00FEF372 /* XCTest.framework */,
			);
			name = Frameworks;
			sourceTree = "<group>";
		};
		1B657C6419FD6B7D00FEF372 /* Git Test */ = {
			isa = PBXGroup;
			children = (
				1B657C6D19FD6B7D00FEF372 /* JDAppDelegate.h */,
				1B657C6E19FD6B7D00FEF372 /* JDAppDelegate.m */,
				1B657C7019FD6B7D00FEF372 /* Main.storyboard */,
				1B657C7319FD6B7D00FEF372 /* JDViewController.h */,
				1B657C7419FD6B7D00FEF372 /* JDViewController.m */,
				1B657C7619FD6B7D00FEF372 /* Images.xcassets */,
				1B657C6519FD6B7D00FEF372 /* Supporting Files */,
			);
			path = "Git Test";
			sourceTree = "<group>";
		};
		1B657C6519FD6B7D00FEF372 /* Supporting Files */ = {
			isa = PBXGroup;
			children = (
				1B657C6619FD6B7D00FEF372 /* Git Test-Info.plist */,
				1B657C6719FD6B7D00FEF372 /* InfoPlist.strings */,
				1B657C6A19FD6B7D00FEF372 /* main.m */,
				1B657C6C19FD6B7D00FEF372 /* Git Test-Prefix.pch */,
			);
			name = "Supporting Files";
			sourceTree = "<group>";
		};
		1B657C8319FD6B7D00FEF372 /* Git TestTests */ = {
			isa = PBXGroup;
			children = (
				1B657C8919FD6B7D00FEF372 /* Git_TestTests.m */,
				1B657C8419FD6B7D00FEF372 /* Supporting Files */,
			);
			path = "Git TestTests";
			sourceTree = "<group>";
		};
		1B657C8419FD6B7D00FEF372 /* Supporting Files */ = {
			isa = PBXGroup;
			children = (
				1B657C8519FD6B7D00FEF372 /* Git TestTests-Info.plist */,
				1B657C8619FD6B7D00FEF372 /* InfoPlist.strings */,
			);
			name = "Supporting Files";
			sourceTree = "<group>";
		};
/* End PBXGroup section */

/* Begin PBXNativeTarget section */
		1B657C5A19FD6B7D00FEF372 /* Git Test */ = {
			isa = PBXNativeTarget;
			buildConfigurationList = 1B657C8D19FD6B7D00FEF372 /* Build configuration list for PBXNativeTarget "Git Test" */;
			buildPhases = (
				1B657C5719FD6B7D00FEF372 /* Sources */,
				1B657C5819FD6B7D00FEF372 /* Frameworks */,
				1B657C5919FD6B7D00FEF372 /* Resources */,
			);
			buildRules = (
			);
			dependencies = (
			);
			name = "Git Test";
			productName = "Git Test";
			productReference = 1B657C5B19FD6B7D00FEF372 /* Git Test.app */;
			productType = "com.apple.product-type.application";
		};
		1B657C7B19FD6B7D00FEF372 /* Git TestTests */ = {
			isa = PBXNativeTarget;
			buildConfigurationList = 1B657C9019FD6B7D00FEF372 /* Build configuration list for PBXNativeTarget "Git TestTests" */;
			buildPhases = (
				1B657C7819FD6B7D00FEF372 /* Sources */,
				1B657C7919FD6B7D00FEF372 /* Frameworks */,
				1B657C7A19FD6B7D00FEF372 /* Resources */,
			);
			buildRules = (
			);
			dependencies = (
				1B657C8219FD6B7D00FEF372 /* PBXTargetDependency */,
			);
			name = "Git TestTests";
			productName = "Git TestTests";
			productReference = 1B657C7C19FD6B7D00FEF372 /* Git TestTests.xctest */;
			productType = "com.apple.product-type.bundle.unit-test";
		};
/* End PBXNativeTarget section */

/* Begin PBXProject section */
		1B657C5319FD6B7D00FEF372 /* Project object */ = {
			isa = PBXProject;
			attributes = {
				CLASSPREFIX = JD;
				LastUpgradeCheck = 0510;
				ORGANIZATIONNAME = com.merck;
				TargetAttributes = {
					1B657C7B19FD6B7D00FEF372 = {
						TestTargetID = 1B657C5A19FD6B7D00FEF372;
					};
				};
			};
			buildConfigurationList = 1B657C5619FD6B7D00FEF372 /* Build configuration list for PBXProject "Git Test" */;
			compatibilityVersion = "Xcode 3.2";
			developmentRegion = English;
			hasScannedForEncodings = 0;
			knownRegions = (
				en,
				Base,
			);
			mainGroup = 1B657C5219FD6B7D00FEF372;
			productRefGroup = 1B657C5C19FD6B7D00FEF372 /* Products */;
			projectDirPath = "";
			projectRoot = "";
			targets = (
				1B657C5A19FD6B7D00FEF372 /* Git Test */,
				1B657C7B19FD6B7D00FEF372 /* Git TestTests */,
			);
		};
/* End PBXProject section */

/* Begin PBXResourcesBuildPhase section */
		1B657C5919FD6B7D00FEF372 /* Resources */ = {
			isa = PBXResourcesBuildPhase;
			buildActionMask = 2147483647;
			files = (
				1B657C7719FD6B7D00FEF372 /* Images.xcassets in Resources */,
				1B657C6919FD6B7D00FEF372 /* InfoPlist.strings in Resources */,
				1B657C7219FD6B7D00FEF372 /* Main.storyboard in Resources */,
			);
			runOnlyForDeploymentPostprocessing = 0;
		};
		1B657C7A19FD6B7D00FEF372 /* Resources */ = {
			isa = PBXResourcesBuildPhase;
			buildActionMask = 2147483647;
			files = (
				1B657C8819FD6B7D00FEF372 /* InfoPlist.strings in Resources */,
			);
			runOnlyForDeploymentPostprocessing = 0;
		};
/* End PBXResourcesBuildPhase section */

/* Begin PBXSourcesBuildPhase section */
		1B657C5719FD6B7D00FEF372 /* Sources */ = {
			isa = PBXSourcesBuildPhase;
			buildActionMask = 2147483647;
			files = (
				1B657C6F19FD6B7D00FEF372 /* JDAppDelegate.m in Sources */,
				1B657C7519FD6B7D00FEF372 /* JDViewController.m in Sources */,
				1B657C6B19FD6B7D00FEF372 /* main.m in Sources */,
			);
			runOnlyForDeploymentPostprocessing = 0;
		};
		1B657C7819FD6B7D00FEF372 /* Sources */ = {
			isa = PBXSourcesBuildPhase;
			buildActionMask = 2147483647;
			files = (
				1B657C8A19FD6B7D00FEF372 /* Git_TestTests.m in Sources */,
			);
			runOnlyForDeploymentPostprocessing = 0;
		};
/* End PBXSourcesBuildPhase section */

/* Begin PBXTargetDependency section */
		1B657C8219FD6B7D00FEF372 /* PBXTargetDependency */ = {
			isa = PBXTargetDependency;
			target = 1B657C5A19FD6B7D00FEF372 /* Git Test */;
			targetProxy = 1B657C8119FD6B7D00FEF372 /* PBXContainerItemProxy */;
		};
/* End PBXTargetDependency section */

/* Begin PBXVariantGroup section */
		1B657C6719FD6B7D00FEF372 /* InfoPlist.strings */ = {
			isa = PBXVariantGroup;
			children = (
				1B657C6819FD6B7D00FEF372 /* en */,
			);
			name = InfoPlist.strings;
			sourceTree = "<group>";
		};
		1B657C7019FD6B7D00FEF372 /* Main.storyboard */ = {
			isa = PBXVariantGroup;
			children = (
				1B657C7119FD6B7D00FEF372 /* Base */,
			);
			name = Main.storyboard;
			sourceTree = "<group>";
		};
		1B657C8619FD6B7D00FEF372 /* InfoPlist.strings */ = {
			isa = PBXVariantGroup;
			children = (
				1B657C8719FD6B7D00FEF372 /* en */,
			);
			name = InfoPlist.strings;
			sourceTree = "<group>";
		};
/* End PBXVariantGroup section */

/* Begin XCBuildConfiguration section */
		1B657C8B19FD6B7D00FEF372 /* Debug */ = {
			isa = XCBuildConfiguration;
			buildSettings = {
				ALWAYS_SEARCH_USER_PATHS = NO;
				CLANG_CXX_LANGUAGE_STANDARD = "gnu++0x";
				CLANG_CXX_LIBRARY = "libc++";
				CLANG_ENABLE_MODULES = YES;
				CLANG_ENABLE_OBJC_ARC = YES;
				CLANG_WARN_BOOL_CONVERSION = YES;
				CLANG_WARN_CONSTANT_CONVERSION = YES;
				CLANG_WARN_DIRECT_OBJC_ISA_USAGE = YES_ERROR;
				CLANG_WARN_EMPTY_BODY = YES;
				CLANG_WARN_ENUM_CONVERSION = YES;
				CLANG_WARN_INT_CONVERSION = YES;
				CLANG_WARN_OBJC_ROOT_CLASS = YES_ERROR;
				CLANG_WARN__DUPLICATE_METHOD_MATCH = YES;
				"CODE_SIGN_IDENTITY[sdk=iphoneos*]" = "iPhone Developer";
				COPY_PHASE_STRIP = NO;
				GCC_C_LANGUAGE_STANDARD = gnu99;
				GCC_DYNAMIC_NO_PIC = NO;
				GCC_OPTIMIZATION_LEVEL = 0;
				GCC_PREPROCESSOR_DEFINITIONS = (
					"DEBUG=1",
					"$(inherited)",
				);
				GCC_SYMBOLS_PRIVATE_EXTERN = NO;
				GCC_WARN_64_TO_32_BIT_CONVERSION = YES;
				GCC_WARN_ABOUT_RETURN_TYPE = YES_ERROR;
				GCC_WARN_UNDECLARED_SELECTOR = YES;
				GCC_WARN_UNINITIALIZED_AUTOS = YES_AGGRESSIVE;
				GCC_WARN_UNUSED_FUNCTION = YES;
				GCC_WARN_UNUSED_VARIABLE = YES;
				IPHONEOS_DEPLOYMENT_TARGET = 7.1;
				ONLY_ACTIVE_ARCH = YES;
				SDKROOT = iphoneos;
			};
			name = Debug;
		};
		1B657C8C19FD6B7D00FEF372 /* Release */ = {
			isa = XCBuildConfiguration;
			buildSettings = {
				ALWAYS_SEARCH_USER_PATHS = NO;
				CLANG_CXX_LANGUAGE_STANDARD = "gnu++0x";
				CLANG_CXX_LIBRARY = "libc++";
				CLANG_ENABLE_MODULES = YES;
				CLANG_ENABLE_OBJC_ARC = YES;
				CLANG_WARN_BOOL_CONVERSION = YES;
				CLANG_WARN_CONSTANT_CONVERSION = YES;
				CLANG_WARN_DIRECT_OBJC_ISA_USAGE = YES_ERROR;
				CLANG_WARN_EMPTY_BODY = YES;
				CLANG_WARN_ENUM_CONVERSION = YES;
				CLANG_WARN_INT_CONVERSION = YES;
				CLANG_WARN_OBJC_ROOT_CLASS = YES_ERROR;
				CLANG_WARN__DUPLICATE_METHOD_MATCH = YES;
				"CODE_SIGN_IDENTITY[sdk=iphoneos*]" = "iPhone Developer";
				COPY_PHASE_STRIP = YES;
				ENABLE_NS_ASSERTIONS = NO;
				GCC_C_LANGUAGE_STANDARD = gnu99;
				GCC_WARN_64_TO_32_BIT_CONVERSION = YES;
				GCC_WARN_ABOUT_RETURN_TYPE = YES_ERROR;
				GCC_WARN_UNDECLARED_SELECTOR = YES;
				GCC_WARN_UNINITIALIZED_AUTOS = YES_AGGRESSIVE;
				GCC_WARN_UNUSED_FUNCTION = YES;
				GCC_WARN_UNUSED_VARIABLE = YES;
				IPHONEOS_DEPLOYMENT_TARGET = 7.1;
				SDKROOT = iphoneos;
				VALIDATE_PRODUCT = YES;
			};
			name = Release;
		};
		1B657C8E19FD6B7D00FEF372 /* Debug */ = {
			isa = XCBuildConfiguration;
			buildSettings = {
				ASSETCATALOG_COMPILER_APPICON_NAME = AppIcon;
				ASSETCATALOG_COMPILER_LAUNCHIMAGE_NAME = LaunchImage;
				GCC_PRECOMPILE_PREFIX_HEADER = YES;
				GCC_PREFIX_HEADER = "Git Test/Git Test-Prefix.pch";
				INFOPLIST_FILE = "Git Test/Git Test-Info.plist";
				PRODUCT_NAME = "$(TARGET_NAME)";
				WRAPPER_EXTENSION = app;
			};
			name = Debug;
		};
		1B657C8F19FD6B7D00FEF372 /* Release */ = {
			isa = XCBuildConfiguration;
			buildSettings = {
				ASSETCATALOG_COMPILER_APPICON_NAME = AppIcon;
				ASSETCATALOG_COMPILER_LAUNCHIMAGE_NAME = LaunchImage;
				GCC_PRECOMPILE_PREFIX_HEADER = YES;
				GCC_PREFIX_HEADER = "Git Test/Git Test-Prefix.pch";
				INFOPLIST_FILE = "Git Test/Git Test-Info.plist";
				PRODUCT_NAME = "$(TARGET_NAME)";
				WRAPPER_EXTENSION = app;
			};
			name = Release;
		};
		1B657C9119FD6B7D00FEF372 /* Debug */ = {
			isa = XCBuildConfiguration;
			buildSettings = {
				BUNDLE_LOADER = "$(BUILT_PRODUCTS_DIR)/Git Test.app/Git Test";
				FRAMEWORK_SEARCH_PATHS = (
					"$(SDKROOT)/Developer/Library/Frameworks",
					"$(inherited)",
					"$(DEVELOPER_FRAMEWORKS_DIR)",
				);
				GCC_PRECOMPILE_PREFIX_HEADER = YES;
				GCC_PREFIX_HEADER = "Git Test/Git Test-Prefix.pch";
				GCC_PREPROCESSOR_DEFINITIONS = (
					"DEBUG=1",
					"$(inherited)",
				);
				INFOPLIST_FILE = "Git TestTests/Git TestTests-Info.plist";
				PRODUCT_NAME = "$(TARGET_NAME)";
				TEST_HOST = "$(BUNDLE_LOADER)";
				WRAPPER_EXTENSION = xctest;
			};
			name = Debug;
		};
		1B657C9219FD6B7D00FEF372 /* Release */ = {
			isa = XCBuildConfiguration;
			buildSettings = {
				BUNDLE_LOADER = "$(BUILT_PRODUCTS_DIR)/Git Test.app/Git Test";
				FRAMEWORK_SEARCH_PATHS = (
					"$(SDKROOT)/Developer/Library/Frameworks",
					"$(inherited)",
					"$(DEVELOPER_FRAMEWORKS_DIR)",
				);
				GCC_PRECOMPILE_PREFIX_HEADER = YES;
				GCC_PREFIX_HEADER = "Git Test/Git Test-Prefix.pch";
				INFOPLIST_FILE = "Git TestTests/Git TestTests-Info.plist";
				PRODUCT_NAME = "$(TARGET_NAME)";
				TEST_HOST = "$(BUNDLE_LOADER)";
				WRAPPER_EXTENSION = xctest;
			};
			name = Release;
		};
/* End XCBuildConfiguration section */

/* Begin XCConfigurationList section */
		1B657C5619FD6B7D00FEF372 /* Build configuration list for PBXProject "Git Test" */ = {
			isa = XCConfigurationList;
			buildConfigurations = (
				1B657C8B19FD6B7D00FEF372 /* Debug */,
				1B657C8C19FD6B7D00FEF372 /* Release */,
			);
			defaultConfigurationIsVisible = 0;
			defaultConfigurationName = Release;
		};
		1B657C8D19FD6B7D00FEF372 /* Build configuration list for PBXNativeTarget "Git Test" */ = {
			isa = XCConfigurationList;
			buildConfigurations = (
				1B657C8E19FD6B7D00FEF372 /* Debug */,
				1B657C8F19FD6B7D00FEF372 /* Release */,
			);
			defaultConfigurationIsVisible = 0;
		};
		1B657C9019FD6B7D00FEF372 /* Build configuration list for PBXNativeTarget "Git TestTests" */ = {
			isa = XCConfigurationList;
			buildConfigurations = (
				1B657C9119FD6B7D00FEF372 /* Debug */,
				1B657C9219FD6B7D00FEF372 /* Release */,
			);
			defaultConfigurationIsVisible = 0;
		};
/* End XCConfigurationList section */
	};
	rootObject = 1B657C5319FD6B7D00FEF372 /* Project object */;
}
